// !$*UTF8*$!
{
	archiveVersion = 1;
	classes = {
	};
	objectVersion = 48;
	objects = {

/* Begin PBXBuildFile section */
		3261383520662BBA00D63DC6 /* Assets.xcassets in Resources */ = {isa = PBXBuildFile; fileRef = 3261383420662BBA00D63DC6 /* Assets.xcassets */; };
		3261384420662BD400D63DC6 /* OpenGL.framework in Frameworks */ = {isa = PBXBuildFile; fileRef = 3261384320662BD300D63DC6 /* OpenGL.framework */; };
		3261384620662BD900D63DC6 /* GLUT.framework in Frameworks */ = {isa = PBXBuildFile; fileRef = 3261384520662BD900D63DC6 /* GLUT.framework */; };
		3261384920662C4200D63DC6 /* libGLEW.2.1.0.dylib in Frameworks */ = {isa = PBXBuildFile; fileRef = 3261384720662C4200D63DC6 /* libGLEW.2.1.0.dylib */; };
		3261384A20662C4200D63DC6 /* libgltools.dylib in Frameworks */ = {isa = PBXBuildFile; fileRef = 3261384820662C4200D63DC6 /* libgltools.dylib */; };
		3261384C20662C5A00D63DC6 /* main.cpp in Sources */ = {isa = PBXBuildFile; fileRef = 3261384B20662C5A00D63DC6 /* main.cpp */; };
/* End PBXBuildFile section */

/* Begin PBXFileReference section */
		3261382E20662BBA00D63DC6 /* 01-environment.app */ = {isa = PBXFileReference; explicitFileType = wrapper.application; includeInIndex = 0; path = "01-environment.app"; sourceTree = BUILT_PRODUCTS_DIR; };
		3261383420662BBA00D63DC6 /* Assets.xcassets */ = {isa = PBXFileReference; lastKnownFileType = folder.assetcatalog; path = Assets.xcassets; sourceTree = "<group>"; };
		3261383920662BBA00D63DC6 /* Info.plist */ = {isa = PBXFileReference; lastKnownFileType = text.plist.xml; path = Info.plist; sourceTree = "<group>"; };
		3261383C20662BBA00D63DC6 /* _1_environment.entitlements */ = {isa = PBXFileReference; lastKnownFileType = text.plist.entitlements; path = _1_environment.entitlements; sourceTree = "<group>"; };
		3261384320662BD300D63DC6 /* OpenGL.framework */ = {isa = PBXFileReference; lastKnownFileType = wrapper.framework; name = OpenGL.framework; path = System/Library/Frameworks/OpenGL.framework; sourceTree = SDKROOT; };
		3261384520662BD900D63DC6 /* GLUT.framework */ = {isa = PBXFileReference; lastKnownFileType = wrapper.framework; name = GLUT.framework; path = System/Library/Frameworks/GLUT.framework; sourceTree = SDKROOT; };
		3261384720662C4200D63DC6 /* libGLEW.2.1.0.dylib */ = {isa = PBXFileReference; lastKnownFileType = "compiled.mach-o.dylib"; path = libGLEW.2.1.0.dylib; sourceTree = "<group>"; };
		3261384820662C4200D63DC6 /* libgltools.dylib */ = {isa = PBXFileReference; lastKnownFileType = "compiled.mach-o.dylib"; path = libgltools.dylib; sourceTree = "<group>"; };
		3261384B20662C5A00D63DC6 /* main.cpp */ = {isa = PBXFileReference; lastKnownFileType = sourcecode.cpp.cpp; path = main.cpp; sourceTree = "<group>"; };
/* End PBXFileReference section */

/* Begin PBXFrameworksBuildPhase section */
		3261382B20662BBA00D63DC6 /* Frameworks */ = {
			isa = PBXFrameworksBuildPhase;
			buildActionMask = 2147483647;
			files = (
				3261384920662C4200D63DC6 /* libGLEW.2.1.0.dylib in Frameworks */,
				3261384A20662C4200D63DC6 /* libgltools.dylib in Frameworks */,
				3261384620662BD900D63DC6 /* GLUT.framework in Frameworks */,
				3261384420662BD400D63DC6 /* OpenGL.framework in Frameworks */,
			);
			runOnlyForDeploymentPostprocessing = 0;
		};
/* End PBXFrameworksBuildPhase section */

/* Begin PBXGroup section */
		3261382520662BBA00D63DC6 = {
			isa = PBXGroup;
			children = (
				3261383020662BBA00D63DC6 /* 01-environment */,
				3261382F20662BBA00D63DC6 /* Products */,
				3261384220662BD300D63DC6 /* Frameworks */,
			);
			sourceTree = "<group>";
		};
		3261382F20662BBA00D63DC6 /* Products */ = {
			isa = PBXGroup;
			children = (
				3261382E20662BBA00D63DC6 /* 01-environment.app */,
			);
			name = Products;
			sourceTree = "<group>";
		};
		3261383020662BBA00D63DC6 /* 01-environment */ = {
			isa = PBXGroup;
			children = (
				3261383420662BBA00D63DC6 /* Assets.xcassets */,
				3261383920662BBA00D63DC6 /* Info.plist */,
				3261383C20662BBA00D63DC6 /* _1_environment.entitlements */,
				3261384B20662C5A00D63DC6 /* main.cpp */,
			);
			path = "01-environment";
			sourceTree = "<group>";
		};
		3261384220662BD300D63DC6 /* Frameworks */ = {
			isa = PBXGroup;
			children = (
				3261384720662C4200D63DC6 /* libGLEW.2.1.0.dylib */,
				3261384820662C4200D63DC6 /* libgltools.dylib */,
				3261384520662BD900D63DC6 /* GLUT.framework */,
				3261384320662BD300D63DC6 /* OpenGL.framework */,
			);
			name = Frameworks;
			sourceTree = "<group>";
		};
/* End PBXGroup section */

/* Begin PBXNativeTarget section */
		3261382D20662BBA00D63DC6 /* 01-environment */ = {
			isa = PBXNativeTarget;
			buildConfigurationList = 3261383F20662BBA00D63DC6 /* Build configuration list for PBXNativeTarget "01-environment" */;
			buildPhases = (
				3261382A20662BBA00D63DC6 /* Sources */,
				3261382B20662BBA00D63DC6 /* Frameworks */,
				3261382C20662BBA00D63DC6 /* Resources */,
			);
			buildRules = (
			);
			dependencies = (
			);
			name = "01-environment";
			productName = "01-environment";
			productReference = 3261382E20662BBA00D63DC6 /* 01-environment.app */;
			productType = "com.apple.product-type.application";
		};
/* End PBXNativeTarget section */

/* Begin PBXProject section */
		3261382620662BBA00D63DC6 /* Project object */ = {
			isa = PBXProject;
			attributes = {
				LastUpgradeCheck = 0920;
				ORGANIZATIONNAME = "luhe liu";
				TargetAttributes = {
					3261382D20662BBA00D63DC6 = {
						CreatedOnToolsVersion = 9.2;
						ProvisioningStyle = Automatic;
					};
				};
			};
			buildConfigurationList = 3261382920662BBA00D63DC6 /* Build configuration list for PBXProject "01-environment" */;
			compatibilityVersion = "Xcode 8.0";
			developmentRegion = en;
			hasScannedForEncodings = 0;
			knownRegions = (
				en,
				Base,
			);
			mainGroup = 3261382520662BBA00D63DC6;
			productRefGroup = 3261382F20662BBA00D63DC6 /* Products */;
			projectDirPath = "";
			projectRoot = "";
			targets = (
				3261382D20662BBA00D63DC6 /* 01-environment */,
			);
		};
/* End PBXProject section */

/* Begin PBXResourcesBuildPhase section */
		3261382C20662BBA00D63DC6 /* Resources */ = {
			isa = PBXResourcesBuildPhase;
			buildActionMask = 2147483647;
			files = (
				3261383520662BBA00D63DC6 /* Assets.xcassets in Resources */,
			);
			runOnlyForDeploymentPostprocessing = 0;
		};
/* End PBXResourcesBuildPhase section */

/* Begin PBXSourcesBuildPhase section */
		3261382A20662BBA00D63DC6 /* Sources */ = {
			isa = PBXSourcesBuildPhase;
			buildActionMask = 2147483647;
			files = (
				3261384C20662C5A00D63DC6 /* main.cpp in Sources */,
			);
			runOnlyForDeploymentPostprocessing = 0;
		};
/* End PBXSourcesBuildPhase section */

/* Begin XCBuildConfiguration section */
		3261383D20662BBA00D63DC6 /* Debug */ = {
			isa = XCBuildConfiguration;
			buildSettings = {
				ALWAYS_SEARCH_USER_PATHS = NO;
				CLANG_ANALYZER_NONNULL = YES;
				CLANG_ANALYZER_NUMBER_OBJECT_CONVERSION = YES_AGGRESSIVE;
				CLANG_CXX_LANGUAGE_STANDARD = "gnu++14";
				CLANG_CXX_LIBRARY = "libc++";
				CLANG_ENABLE_MODULES = YES;
				CLANG_ENABLE_OBJC_ARC = YES;
				CLANG_WARN_BLOCK_CAPTURE_AUTORELEASING = YES;
				CLANG_WARN_BOOL_CONVERSION = YES;
				CLANG_WARN_COMMA = YES;
				CLANG_WARN_CONSTANT_CONVERSION = YES;
				CLANG_WARN_DIRECT_OBJC_ISA_USAGE = YES_ERROR;
				CLANG_WARN_DOCUMENTATION_COMMENTS = YES;
				CLANG_WARN_EMPTY_BODY = YES;
				CLANG_WARN_ENUM_CONVERSION = YES;
				CLANG_WARN_INFINITE_RECURSION = YES;
				CLANG_WARN_INT_CONVERSION = YES;
				CLANG_WARN_NON_LITERAL_NULL_CONVERSION = YES;
				CLANG_WARN_OBJC_LITERAL_CONVERSION = YES;
				CLANG_WARN_OBJC_ROOT_CLASS = YES_ERROR;
				CLANG_WARN_RANGE_LOOP_ANALYSIS = YES;
				CLANG_WARN_STRICT_PROTOTYPES = YES;
				CLANG_WARN_SUSPICIOUS_MOVE = YES;
				CLANG_WARN_UNGUARDED_AVAILABILITY = YES_AGGRESSIVE;
				CLANG_WARN_UNREACHABLE_CODE = YES;
				CLANG_WARN__DUPLICATE_METHOD_MATCH = YES;
				CODE_SIGN_IDENTITY = "Mac Developer";
				COPY_PHASE_STRIP = NO;
				DEBUG_INFORMATION_FORMAT = dwarf;
				ENABLE_STRICT_OBJC_MSGSEND = YES;
				ENABLE_TESTABILITY = YES;
				GCC_C_LANGUAGE_STANDARD = gnu11;
				GCC_DYNAMIC_NO_PIC = NO;
				GCC_NO_COMMON_BLOCKS = YES;
				GCC_OPTIMIZATION_LEVEL = 0;
				GCC_PREPROCESSOR_DEFINITIONS = (
					"DEBUG=1",
					"$(inherited)",
				);
				GCC_WARN_64_TO_32_BIT_CONVERSION = YES;
				GCC_WARN_ABOUT_RETURN_TYPE = YES_ERROR;
				GCC_WARN_UNDECLARED_SELECTOR = YES;
				GCC_WARN_UNINITIALIZED_AUTOS = YES_AGGRESSIVE;
				GCC_WARN_UNUSED_FUNCTION = YES;
				GCC_WARN_UNUSED_VARIABLE = YES;
				MACOSX_DEPLOYMENT_TARGET = 10.13;
				MTL_ENABLE_DEBUG_INFO = YES;
				ONLY_ACTIVE_ARCH = YES;
				SDKROOT = macosx;
			};
			name = Debug;
		};
		3261383E20662BBA00D63DC6 /* Release */ = {
			isa = XCBuildConfiguration;
			buildSettings = {
				ALWAYS_SEARCH_USER_PATHS = NO;
				CLANG_ANALYZER_NONNULL = YES;
				CLANG_ANALYZER_NUMBER_OBJECT_CONVERSION = YES_AGGRESSIVE;
				CLANG_CXX_LANGUAGE_STANDARD = "gnu++14";
				CLANG_CXX_LIBRARY = "libc++";
				CLANG_ENABLE_MODULES = YES;
				CLANG_ENABLE_OBJC_ARC = YES;
				CLANG_WARN_BLOCK_CAPTURE_AUTORELEASING = YES;
				CLANG_WARN_BOOL_CONVERSION = YES;
				CLANG_WARN_COMMA = YES;
				CLANG_WARN_CONSTANT_CONVERSION = YES;
				CLANG_WARN_DIRECT_OBJC_ISA_USAGE = YES_ERROR;
				CLANG_WARN_DOCUMENTATION_COMMENTS = YES;
				CLANG_WARN_EMPTY_BODY = YES;
				CLANG_WARN_ENUM_CONVERSION = YES;
				CLANG_WARN_INFINITE_RECURSION = YES;
				CLANG_WARN_INT_CONVERSION = YES;
				CLANG_WARN_NON_LITERAL_NULL_CONVERSION = YES;
				CLANG_WARN_OBJC_LITERAL_CONVERSION = YES;
				CLANG_WARN_OBJC_ROOT_CLASS = YES_ERROR;
				CLANG_WARN_RANGE_LOOP_ANALYSIS = YES;
				CLANG_WARN_STRICT_PROTOTYPES = YES;
				CLANG_WARN_SUSPICIOUS_MOVE = YES;
				CLANG_WARN_UNGUARDED_AVAILABILITY = YES_AGGRESSIVE;
				CLANG_WARN_UNREACHABLE_CODE = YES;
				CLANG_WARN__DUPLICATE_METHOD_MATCH = YES;
				CODE_SIGN_IDENTITY = "Mac Developer";
				COPY_PHASE_STRIP = NO;
				DEBUG_INFORMATION_FORMAT = "dwarf-with-dsym";
				ENABLE_NS_ASSERTIONS = NO;
				ENABLE_STRICT_OBJC_MSGSEND = YES;
				GCC_C_LANGUAGE_STANDARD = gnu11;
				GCC_NO_COMMON_BLOCKS = YES;
				GCC_WARN_64_TO_32_BIT_CONVERSION = YES;
				GCC_WARN_ABOUT_RETURN_TYPE = YES_ERROR;
				GCC_WARN_UNDECLARED_SELECTOR = YES;
				GCC_WARN_UNINITIALIZED_AUTOS = YES_AGGRESSIVE;
				GCC_WARN_UNUSED_FUNCTION = YES;
				GCC_WARN_UNUSED_VARIABLE = YES;
				MACOSX_DEPLOYMENT_TARGET = 10.13;
				MTL_ENABLE_DEBUG_INFO = NO;
				SDKROOT = macosx;
			};
			name = Release;
		};
		3261384020662BBA00D63DC6 /* Debug */ = {
			isa = XCBuildConfiguration;
			buildSettings = {
				ASSETCATALOG_COMPILER_APPICON_NAME = AppIcon;
				CODE_SIGN_ENTITLEMENTS = "01-environment/_1_environment.entitlements";
				CODE_SIGN_STYLE = Automatic;
				COMBINE_HIDPI_IMAGES = YES;
				DEVELOPMENT_TEAM = 3QQR699W45;
				HEADER_SEARCH_PATHS = (
					"$(gltools_header)",
					"$(glew_header)",
				);
				INFOPLIST_FILE = "01-environment/Info.plist";
				LD_RUNPATH_SEARCH_PATHS = "$(inherited) @executable_path/../Frameworks";
				LIBRARY_SEARCH_PATHS = (
					"$(inherited)",
					"$(PROJECT_DIR)",
				);
				PRODUCT_BUNDLE_IDENTIFIER = "com.liutingluhe.learn.-1-environment";
				PRODUCT_NAME = "$(TARGET_NAME)";
			};
			name = Debug;
		};
		3261384120662BBA00D63DC6 /* Release */ = {
			isa = XCBuildConfiguration;
			buildSettings = {
				ASSETCATALOG_COMPILER_APPICON_NAME = AppIcon;
				CODE_SIGN_ENTITLEMENTS = "01-environment/_1_environment.entitlements";
				CODE_SIGN_STYLE = Automatic;
				COMBINE_HIDPI_IMAGES = YES;
				DEVELOPMENT_TEAM = 3QQR699W45;
				HEADER_SEARCH_PATHS = (
					"$(gltools_header)",
					"$(glew_header)",
				);
				INFOPLIST_FILE = "01-environment/Info.plist";
				LD_RUNPATH_SEARCH_PATHS = "$(inherited) @executable_path/../Frameworks";
				LIBRARY_SEARCH_PATHS = (
					"$(inherited)",
					"$(PROJECT_DIR)",
				);
				PRODUCT_BUNDLE_IDENTIFIER = "com.liutingluhe.learn.-1-environment";
				PRODUCT_NAME = "$(TARGET_NAME)";
			};
			name = Release;
		};
/* End XCBuildConfiguration section */

/* Begin XCConfigurationList section */
		3261382920662BBA00D63DC6 /* Build configuration list for PBXProject "01-environment" */ = {
			isa = XCConfigurationList;
			buildConfigurations = (
				3261383D20662BBA00D63DC6 /* Debug */,
				3261383E20662BBA00D63DC6 /* Release */,
			);
			defaultConfigurationIsVisible = 0;
			defaultConfigurationName = Release;
		};
		3261383F20662BBA00D63DC6 /* Build configuration list for PBXNativeTarget "01-environment" */ = {
			isa = XCConfigurationList;
			buildConfigurations = (
				3261384020662BBA00D63DC6 /* Debug */,
				3261384120662BBA00D63DC6 /* Release */,
			);
			defaultConfigurationIsVisible = 0;
			defaultConfigurationName = Release;
		};
/* End XCConfigurationList section */
	};
	rootObject = 3261382620662BBA00D63DC6 /* Project object */;
}
