// !$*UTF8*$!
{
	archiveVersion = 1;
	classes = {
	};
	objectVersion = 48;
	objects = {

/* Begin PBXBuildFile section */
		329C4BB2208790CA0007CA73 /* Assets.xcassets in Resources */ = {isa = PBXBuildFile; fileRef = 329C4BB1208790CA0007CA73 /* Assets.xcassets */; };
		329C4BC1208790D50007CA73 /* OpenGL.framework in Frameworks */ = {isa = PBXBuildFile; fileRef = 329C4BC0208790D50007CA73 /* OpenGL.framework */; };
		329C4BC3208790DA0007CA73 /* GLUT.framework in Frameworks */ = {isa = PBXBuildFile; fileRef = 329C4BC2208790DA0007CA73 /* GLUT.framework */; };
		329C4BC6208790FC0007CA73 /* libGLEW.2.1.0.dylib in Frameworks */ = {isa = PBXBuildFile; fileRef = 329C4BC4208790FC0007CA73 /* libGLEW.2.1.0.dylib */; };
		329C4BC7208790FC0007CA73 /* libgltools.dylib in Frameworks */ = {isa = PBXBuildFile; fileRef = 329C4BC5208790FC0007CA73 /* libgltools.dylib */; };
		329C4BC9208791040007CA73 /* main.cpp in Sources */ = {isa = PBXBuildFile; fileRef = 329C4BC8208791040007CA73 /* main.cpp */; };
/* End PBXBuildFile section */

/* Begin PBXFileReference section */
		329C4BAB208790CA0007CA73 /* 16-SphereWorld-Lv4.app */ = {isa = PBXFileReference; explicitFileType = wrapper.application; includeInIndex = 0; path = "16-SphereWorld-Lv4.app"; sourceTree = BUILT_PRODUCTS_DIR; };
		329C4BB1208790CA0007CA73 /* Assets.xcassets */ = {isa = PBXFileReference; lastKnownFileType = folder.assetcatalog; path = Assets.xcassets; sourceTree = "<group>"; };
		329C4BB6208790CA0007CA73 /* Info.plist */ = {isa = PBXFileReference; lastKnownFileType = text.plist.xml; path = Info.plist; sourceTree = "<group>"; };
		329C4BB9208790CA0007CA73 /* _6_SphereWorld_Lv4.entitlements */ = {isa = PBXFileReference; lastKnownFileType = text.plist.entitlements; path = _6_SphereWorld_Lv4.entitlements; sourceTree = "<group>"; };
		329C4BC0208790D50007CA73 /* OpenGL.framework */ = {isa = PBXFileReference; lastKnownFileType = wrapper.framework; name = OpenGL.framework; path = System/Library/Frameworks/OpenGL.framework; sourceTree = SDKROOT; };
		329C4BC2208790DA0007CA73 /* GLUT.framework */ = {isa = PBXFileReference; lastKnownFileType = wrapper.framework; name = GLUT.framework; path = System/Library/Frameworks/GLUT.framework; sourceTree = SDKROOT; };
		329C4BC4208790FC0007CA73 /* libGLEW.2.1.0.dylib */ = {isa = PBXFileReference; lastKnownFileType = "compiled.mach-o.dylib"; path = libGLEW.2.1.0.dylib; sourceTree = "<group>"; };
		329C4BC5208790FC0007CA73 /* libgltools.dylib */ = {isa = PBXFileReference; lastKnownFileType = "compiled.mach-o.dylib"; path = libgltools.dylib; sourceTree = "<group>"; };
		329C4BC8208791040007CA73 /* main.cpp */ = {isa = PBXFileReference; lastKnownFileType = sourcecode.cpp.cpp; path = main.cpp; sourceTree = "<group>"; };
/* End PBXFileReference section */

/* Begin PBXFrameworksBuildPhase section */
		329C4BA8208790CA0007CA73 /* Frameworks */ = {
			isa = PBXFrameworksBuildPhase;
			buildActionMask = 2147483647;
			files = (
				329C4BC6208790FC0007CA73 /* libGLEW.2.1.0.dylib in Frameworks */,
				329C4BC7208790FC0007CA73 /* libgltools.dylib in Frameworks */,
				329C4BC3208790DA0007CA73 /* GLUT.framework in Frameworks */,
				329C4BC1208790D50007CA73 /* OpenGL.framework in Frameworks */,
			);
			runOnlyForDeploymentPostprocessing = 0;
		};
/* End PBXFrameworksBuildPhase section */

/* Begin PBXGroup section */
		329C4BA2208790CA0007CA73 = {
			isa = PBXGroup;
			children = (
				329C4BAD208790CA0007CA73 /* 16-SphereWorld-Lv4 */,
				329C4BAC208790CA0007CA73 /* Products */,
				329C4BBF208790D40007CA73 /* Frameworks */,
			);
			sourceTree = "<group>";
		};
		329C4BAC208790CA0007CA73 /* Products */ = {
			isa = PBXGroup;
			children = (
				329C4BAB208790CA0007CA73 /* 16-SphereWorld-Lv4.app */,
			);
			name = Products;
			sourceTree = "<group>";
		};
		329C4BAD208790CA0007CA73 /* 16-SphereWorld-Lv4 */ = {
			isa = PBXGroup;
			children = (
				329C4BB1208790CA0007CA73 /* Assets.xcassets */,
				329C4BB6208790CA0007CA73 /* Info.plist */,
				329C4BB9208790CA0007CA73 /* _6_SphereWorld_Lv4.entitlements */,
				329C4BC8208791040007CA73 /* main.cpp */,
			);
			path = "16-SphereWorld-Lv4";
			sourceTree = "<group>";
		};
		329C4BBF208790D40007CA73 /* Frameworks */ = {
			isa = PBXGroup;
			children = (
				329C4BC4208790FC0007CA73 /* libGLEW.2.1.0.dylib */,
				329C4BC5208790FC0007CA73 /* libgltools.dylib */,
				329C4BC2208790DA0007CA73 /* GLUT.framework */,
				329C4BC0208790D50007CA73 /* OpenGL.framework */,
			);
			name = Frameworks;
			sourceTree = "<group>";
		};
/* End PBXGroup section */

/* Begin PBXNativeTarget section */
		329C4BAA208790CA0007CA73 /* 16-SphereWorld-Lv4 */ = {
			isa = PBXNativeTarget;
			buildConfigurationList = 329C4BBC208790CA0007CA73 /* Build configuration list for PBXNativeTarget "16-SphereWorld-Lv4" */;
			buildPhases = (
				329C4BA7208790CA0007CA73 /* Sources */,
				329C4BA8208790CA0007CA73 /* Frameworks */,
				329C4BA9208790CA0007CA73 /* Resources */,
			);
			buildRules = (
			);
			dependencies = (
			);
			name = "16-SphereWorld-Lv4";
			productName = "16-SphereWorld-Lv4";
			productReference = 329C4BAB208790CA0007CA73 /* 16-SphereWorld-Lv4.app */;
			productType = "com.apple.product-type.application";
		};
/* End PBXNativeTarget section */

/* Begin PBXProject section */
		329C4BA3208790CA0007CA73 /* Project object */ = {
			isa = PBXProject;
			attributes = {
				LastUpgradeCheck = 0920;
				ORGANIZATIONNAME = "luhe liu";
				TargetAttributes = {
					329C4BAA208790CA0007CA73 = {
						CreatedOnToolsVersion = 9.2;
						ProvisioningStyle = Automatic;
					};
				};
			};
			buildConfigurationList = 329C4BA6208790CA0007CA73 /* Build configuration list for PBXProject "16-SphereWorld-Lv4" */;
			compatibilityVersion = "Xcode 8.0";
			developmentRegion = en;
			hasScannedForEncodings = 0;
			knownRegions = (
				en,
				Base,
			);
			mainGroup = 329C4BA2208790CA0007CA73;
			productRefGroup = 329C4BAC208790CA0007CA73 /* Products */;
			projectDirPath = "";
			projectRoot = "";
			targets = (
				329C4BAA208790CA0007CA73 /* 16-SphereWorld-Lv4 */,
			);
		};
/* End PBXProject section */

/* Begin PBXResourcesBuildPhase section */
		329C4BA9208790CA0007CA73 /* Resources */ = {
			isa = PBXResourcesBuildPhase;
			buildActionMask = 2147483647;
			files = (
				329C4BB2208790CA0007CA73 /* Assets.xcassets in Resources */,
			);
			runOnlyForDeploymentPostprocessing = 0;
		};
/* End PBXResourcesBuildPhase section */

/* Begin PBXSourcesBuildPhase section */
		329C4BA7208790CA0007CA73 /* Sources */ = {
			isa = PBXSourcesBuildPhase;
			buildActionMask = 2147483647;
			files = (
				329C4BC9208791040007CA73 /* main.cpp in Sources */,
			);
			runOnlyForDeploymentPostprocessing = 0;
		};
/* End PBXSourcesBuildPhase section */

/* Begin XCBuildConfiguration section */
		329C4BBA208790CA0007CA73 /* Debug */ = {
			isa = XCBuildConfiguration;
			buildSettings = {
				ALWAYS_SEARCH_USER_PATHS = NO;
				CLANG_ANALYZER_NONNULL = YES;
				CLANG_ANALYZER_NUMBER_OBJECT_CONVERSION = YES_AGGRESSIVE;
				CLANG_CXX_LANGUAGE_STANDARD = "gnu++14";
				CLANG_CXX_LIBRARY = "libc++";
				CLANG_ENABLE_MODULES = YES;
				CLANG_ENABLE_OBJC_ARC = YES;
				CLANG_WARN_BLOCK_CAPTURE_AUTORELEASING = YES;
				CLANG_WARN_BOOL_CONVERSION = YES;
				CLANG_WARN_COMMA = YES;
				CLANG_WARN_CONSTANT_CONVERSION = YES;
				CLANG_WARN_DIRECT_OBJC_ISA_USAGE = YES_ERROR;
				CLANG_WARN_DOCUMENTATION_COMMENTS = YES;
				CLANG_WARN_EMPTY_BODY = YES;
				CLANG_WARN_ENUM_CONVERSION = YES;
				CLANG_WARN_INFINITE_RECURSION = YES;
				CLANG_WARN_INT_CONVERSION = YES;
				CLANG_WARN_NON_LITERAL_NULL_CONVERSION = YES;
				CLANG_WARN_OBJC_LITERAL_CONVERSION = YES;
				CLANG_WARN_OBJC_ROOT_CLASS = YES_ERROR;
				CLANG_WARN_RANGE_LOOP_ANALYSIS = YES;
				CLANG_WARN_STRICT_PROTOTYPES = YES;
				CLANG_WARN_SUSPICIOUS_MOVE = YES;
				CLANG_WARN_UNGUARDED_AVAILABILITY = YES_AGGRESSIVE;
				CLANG_WARN_UNREACHABLE_CODE = YES;
				CLANG_WARN__DUPLICATE_METHOD_MATCH = YES;
				CODE_SIGN_IDENTITY = "Mac Developer";
				COPY_PHASE_STRIP = NO;
				DEBUG_INFORMATION_FORMAT = dwarf;
				ENABLE_STRICT_OBJC_MSGSEND = YES;
				ENABLE_TESTABILITY = YES;
				GCC_C_LANGUAGE_STANDARD = gnu11;
				GCC_DYNAMIC_NO_PIC = NO;
				GCC_NO_COMMON_BLOCKS = YES;
				GCC_OPTIMIZATION_LEVEL = 0;
				GCC_PREPROCESSOR_DEFINITIONS = (
					"DEBUG=1",
					"$(inherited)",
				);
				GCC_WARN_64_TO_32_BIT_CONVERSION = YES;
				GCC_WARN_ABOUT_RETURN_TYPE = YES_ERROR;
				GCC_WARN_UNDECLARED_SELECTOR = YES;
				GCC_WARN_UNINITIALIZED_AUTOS = YES_AGGRESSIVE;
				GCC_WARN_UNUSED_FUNCTION = YES;
				GCC_WARN_UNUSED_VARIABLE = YES;
				MACOSX_DEPLOYMENT_TARGET = 10.13;
				MTL_ENABLE_DEBUG_INFO = YES;
				ONLY_ACTIVE_ARCH = YES;
				SDKROOT = macosx;
			};
			name = Debug;
		};
		329C4BBB208790CA0007CA73 /* Release */ = {
			isa = XCBuildConfiguration;
			buildSettings = {
				ALWAYS_SEARCH_USER_PATHS = NO;
				CLANG_ANALYZER_NONNULL = YES;
				CLANG_ANALYZER_NUMBER_OBJECT_CONVERSION = YES_AGGRESSIVE;
				CLANG_CXX_LANGUAGE_STANDARD = "gnu++14";
				CLANG_CXX_LIBRARY = "libc++";
				CLANG_ENABLE_MODULES = YES;
				CLANG_ENABLE_OBJC_ARC = YES;
				CLANG_WARN_BLOCK_CAPTURE_AUTORELEASING = YES;
				CLANG_WARN_BOOL_CONVERSION = YES;
				CLANG_WARN_COMMA = YES;
				CLANG_WARN_CONSTANT_CONVERSION = YES;
				CLANG_WARN_DIRECT_OBJC_ISA_USAGE = YES_ERROR;
				CLANG_WARN_DOCUMENTATION_COMMENTS = YES;
				CLANG_WARN_EMPTY_BODY = YES;
				CLANG_WARN_ENUM_CONVERSION = YES;
				CLANG_WARN_INFINITE_RECURSION = YES;
				CLANG_WARN_INT_CONVERSION = YES;
				CLANG_WARN_NON_LITERAL_NULL_CONVERSION = YES;
				CLANG_WARN_OBJC_LITERAL_CONVERSION = YES;
				CLANG_WARN_OBJC_ROOT_CLASS = YES_ERROR;
				CLANG_WARN_RANGE_LOOP_ANALYSIS = YES;
				CLANG_WARN_STRICT_PROTOTYPES = YES;
				CLANG_WARN_SUSPICIOUS_MOVE = YES;
				CLANG_WARN_UNGUARDED_AVAILABILITY = YES_AGGRESSIVE;
				CLANG_WARN_UNREACHABLE_CODE = YES;
				CLANG_WARN__DUPLICATE_METHOD_MATCH = YES;
				CODE_SIGN_IDENTITY = "Mac Developer";
				COPY_PHASE_STRIP = NO;
				DEBUG_INFORMATION_FORMAT = "dwarf-with-dsym";
				ENABLE_NS_ASSERTIONS = NO;
				ENABLE_STRICT_OBJC_MSGSEND = YES;
				GCC_C_LANGUAGE_STANDARD = gnu11;
				GCC_NO_COMMON_BLOCKS = YES;
				GCC_WARN_64_TO_32_BIT_CONVERSION = YES;
				GCC_WARN_ABOUT_RETURN_TYPE = YES_ERROR;
				GCC_WARN_UNDECLARED_SELECTOR = YES;
				GCC_WARN_UNINITIALIZED_AUTOS = YES_AGGRESSIVE;
				GCC_WARN_UNUSED_FUNCTION = YES;
				GCC_WARN_UNUSED_VARIABLE = YES;
				MACOSX_DEPLOYMENT_TARGET = 10.13;
				MTL_ENABLE_DEBUG_INFO = NO;
				SDKROOT = macosx;
			};
			name = Release;
		};
		329C4BBD208790CA0007CA73 /* Debug */ = {
			isa = XCBuildConfiguration;
			buildSettings = {
				ASSETCATALOG_COMPILER_APPICON_NAME = AppIcon;
				CODE_SIGN_ENTITLEMENTS = "16-SphereWorld-Lv4/_6_SphereWorld_Lv4.entitlements";
				CODE_SIGN_STYLE = Automatic;
				COMBINE_HIDPI_IMAGES = YES;
				DEVELOPMENT_TEAM = RGQWE6DV47;
				HEADER_SEARCH_PATHS = (
					"$(gltools_header)",
					"$(glew_header)",
				);
				INFOPLIST_FILE = "16-SphereWorld-Lv4/Info.plist";
				LD_RUNPATH_SEARCH_PATHS = "$(inherited) @executable_path/../Frameworks";
				LIBRARY_SEARCH_PATHS = (
					"$(inherited)",
					"$(PROJECT_DIR)",
				);
				MACOSX_DEPLOYMENT_TARGET = 10.8;
				PRODUCT_BUNDLE_IDENTIFIER = "com.liutingluhe.learn.-6-SphereWorld-Lv4";
				PRODUCT_NAME = "$(TARGET_NAME)";
			};
			name = Debug;
		};
		329C4BBE208790CA0007CA73 /* Release */ = {
			isa = XCBuildConfiguration;
			buildSettings = {
				ASSETCATALOG_COMPILER_APPICON_NAME = AppIcon;
				CODE_SIGN_ENTITLEMENTS = "16-SphereWorld-Lv4/_6_SphereWorld_Lv4.entitlements";
				CODE_SIGN_STYLE = Automatic;
				COMBINE_HIDPI_IMAGES = YES;
				DEVELOPMENT_TEAM = RGQWE6DV47;
				HEADER_SEARCH_PATHS = (
					"$(gltools_header)",
					"$(glew_header)",
				);
				INFOPLIST_FILE = "16-SphereWorld-Lv4/Info.plist";
				LD_RUNPATH_SEARCH_PATHS = "$(inherited) @executable_path/../Frameworks";
				LIBRARY_SEARCH_PATHS = (
					"$(inherited)",
					"$(PROJECT_DIR)",
				);
				MACOSX_DEPLOYMENT_TARGET = 10.8;
				PRODUCT_BUNDLE_IDENTIFIER = "com.liutingluhe.learn.-6-SphereWorld-Lv4";
				PRODUCT_NAME = "$(TARGET_NAME)";
			};
			name = Release;
		};
/* End XCBuildConfiguration section */

/* Begin XCConfigurationList section */
		329C4BA6208790CA0007CA73 /* Build configuration list for PBXProject "16-SphereWorld-Lv4" */ = {
			isa = XCConfigurationList;
			buildConfigurations = (
				329C4BBA208790CA0007CA73 /* Debug */,
				329C4BBB208790CA0007CA73 /* Release */,
			);
			defaultConfigurationIsVisible = 0;
			defaultConfigurationName = Release;
		};
		329C4BBC208790CA0007CA73 /* Build configuration list for PBXNativeTarget "16-SphereWorld-Lv4" */ = {
			isa = XCConfigurationList;
			buildConfigurations = (
				329C4BBD208790CA0007CA73 /* Debug */,
				329C4BBE208790CA0007CA73 /* Release */,
			);
			defaultConfigurationIsVisible = 0;
			defaultConfigurationName = Release;
		};
/* End XCConfigurationList section */
	};
	rootObject = 329C4BA3208790CA0007CA73 /* Project object */;
}
