// !$*UTF8*$!
{
	archiveVersion = 1;
	classes = {
	};
	objectVersion = 48;
	objects = {

/* Begin PBXBuildFile section */
		32B13D4A20C3D48600750944 /* Assets.xcassets in Resources */ = {isa = PBXBuildFile; fileRef = 32B13D4920C3D48600750944 /* Assets.xcassets */; };
		32B13D5920C3D4B500750944 /* OpenGL.framework in Frameworks */ = {isa = PBXBuildFile; fileRef = 32B13D5820C3D4B500750944 /* OpenGL.framework */; };
		32B13D5B20C3D4BB00750944 /* GLUT.framework in Frameworks */ = {isa = PBXBuildFile; fileRef = 32B13D5A20C3D4BB00750944 /* GLUT.framework */; };
		32B13D5D20C3D4ED00750944 /* main.cpp in Sources */ = {isa = PBXBuildFile; fileRef = 32B13D5C20C3D4ED00750944 /* main.cpp */; };
		32B13D6020C3D50100750944 /* libGLEW.2.1.0.dylib in Frameworks */ = {isa = PBXBuildFile; fileRef = 32B13D5E20C3D50100750944 /* libGLEW.2.1.0.dylib */; };
		32B13D6120C3D50100750944 /* libgltools.dylib in Frameworks */ = {isa = PBXBuildFile; fileRef = 32B13D5F20C3D50100750944 /* libgltools.dylib */; };
		32B13D6520C3D51600750944 /* floor.tga in Resources */ = {isa = PBXBuildFile; fileRef = 32B13D6220C3D51500750944 /* floor.tga */; };
		32B13D6620C3D51600750944 /* ceiling.tga in Resources */ = {isa = PBXBuildFile; fileRef = 32B13D6320C3D51500750944 /* ceiling.tga */; };
		32B13D6720C3D51600750944 /* brick.tga in Resources */ = {isa = PBXBuildFile; fileRef = 32B13D6420C3D51600750944 /* brick.tga */; };
/* End PBXBuildFile section */

/* Begin PBXFileReference section */
		32B13D4320C3D48600750944 /* 18-Tunnel.app */ = {isa = PBXFileReference; explicitFileType = wrapper.application; includeInIndex = 0; path = "18-Tunnel.app"; sourceTree = BUILT_PRODUCTS_DIR; };
		32B13D4920C3D48600750944 /* Assets.xcassets */ = {isa = PBXFileReference; lastKnownFileType = folder.assetcatalog; path = Assets.xcassets; sourceTree = "<group>"; };
		32B13D4E20C3D48600750944 /* Info.plist */ = {isa = PBXFileReference; lastKnownFileType = text.plist.xml; path = Info.plist; sourceTree = "<group>"; };
		32B13D5120C3D48600750944 /* _8_Tunnel.entitlements */ = {isa = PBXFileReference; lastKnownFileType = text.plist.entitlements; path = _8_Tunnel.entitlements; sourceTree = "<group>"; };
		32B13D5820C3D4B500750944 /* OpenGL.framework */ = {isa = PBXFileReference; lastKnownFileType = wrapper.framework; name = OpenGL.framework; path = System/Library/Frameworks/OpenGL.framework; sourceTree = SDKROOT; };
		32B13D5A20C3D4BB00750944 /* GLUT.framework */ = {isa = PBXFileReference; lastKnownFileType = wrapper.framework; name = GLUT.framework; path = System/Library/Frameworks/GLUT.framework; sourceTree = SDKROOT; };
		32B13D5C20C3D4ED00750944 /* main.cpp */ = {isa = PBXFileReference; lastKnownFileType = sourcecode.cpp.cpp; path = main.cpp; sourceTree = "<group>"; };
		32B13D5E20C3D50100750944 /* libGLEW.2.1.0.dylib */ = {isa = PBXFileReference; lastKnownFileType = "compiled.mach-o.dylib"; path = libGLEW.2.1.0.dylib; sourceTree = "<group>"; };
		32B13D5F20C3D50100750944 /* libgltools.dylib */ = {isa = PBXFileReference; lastKnownFileType = "compiled.mach-o.dylib"; path = libgltools.dylib; sourceTree = "<group>"; };
		32B13D6220C3D51500750944 /* floor.tga */ = {isa = PBXFileReference; lastKnownFileType = file; path = floor.tga; sourceTree = "<group>"; };
		32B13D6320C3D51500750944 /* ceiling.tga */ = {isa = PBXFileReference; lastKnownFileType = file; path = ceiling.tga; sourceTree = "<group>"; };
		32B13D6420C3D51600750944 /* brick.tga */ = {isa = PBXFileReference; lastKnownFileType = file; path = brick.tga; sourceTree = "<group>"; };
/* End PBXFileReference section */

/* Begin PBXFrameworksBuildPhase section */
		32B13D4020C3D48600750944 /* Frameworks */ = {
			isa = PBXFrameworksBuildPhase;
			buildActionMask = 2147483647;
			files = (
				32B13D6020C3D50100750944 /* libGLEW.2.1.0.dylib in Frameworks */,
				32B13D6120C3D50100750944 /* libgltools.dylib in Frameworks */,
				32B13D5B20C3D4BB00750944 /* GLUT.framework in Frameworks */,
				32B13D5920C3D4B500750944 /* OpenGL.framework in Frameworks */,
			);
			runOnlyForDeploymentPostprocessing = 0;
		};
/* End PBXFrameworksBuildPhase section */

/* Begin PBXGroup section */
		32B13D3A20C3D48600750944 = {
			isa = PBXGroup;
			children = (
				32B13D4520C3D48600750944 /* 18-Tunnel */,
				32B13D4420C3D48600750944 /* Products */,
				32B13D5720C3D4B500750944 /* Frameworks */,
			);
			sourceTree = "<group>";
		};
		32B13D4420C3D48600750944 /* Products */ = {
			isa = PBXGroup;
			children = (
				32B13D4320C3D48600750944 /* 18-Tunnel.app */,
			);
			name = Products;
			sourceTree = "<group>";
		};
		32B13D4520C3D48600750944 /* 18-Tunnel */ = {
			isa = PBXGroup;
			children = (
				32B13D4920C3D48600750944 /* Assets.xcassets */,
				32B13D4E20C3D48600750944 /* Info.plist */,
				32B13D5120C3D48600750944 /* _8_Tunnel.entitlements */,
				32B13D6420C3D51600750944 /* brick.tga */,
				32B13D6320C3D51500750944 /* ceiling.tga */,
				32B13D6220C3D51500750944 /* floor.tga */,
				32B13D5C20C3D4ED00750944 /* main.cpp */,
			);
			path = "18-Tunnel";
			sourceTree = "<group>";
		};
		32B13D5720C3D4B500750944 /* Frameworks */ = {
			isa = PBXGroup;
			children = (
				32B13D5E20C3D50100750944 /* libGLEW.2.1.0.dylib */,
				32B13D5F20C3D50100750944 /* libgltools.dylib */,
				32B13D5A20C3D4BB00750944 /* GLUT.framework */,
				32B13D5820C3D4B500750944 /* OpenGL.framework */,
			);
			name = Frameworks;
			sourceTree = "<group>";
		};
/* End PBXGroup section */

/* Begin PBXNativeTarget section */
		32B13D4220C3D48600750944 /* 18-Tunnel */ = {
			isa = PBXNativeTarget;
			buildConfigurationList = 32B13D5420C3D48600750944 /* Build configuration list for PBXNativeTarget "18-Tunnel" */;
			buildPhases = (
				32B13D3F20C3D48600750944 /* Sources */,
				32B13D4020C3D48600750944 /* Frameworks */,
				32B13D4120C3D48600750944 /* Resources */,
			);
			buildRules = (
			);
			dependencies = (
			);
			name = "18-Tunnel";
			productName = "18-Tunnel";
			productReference = 32B13D4320C3D48600750944 /* 18-Tunnel.app */;
			productType = "com.apple.product-type.application";
		};
/* End PBXNativeTarget section */

/* Begin PBXProject section */
		32B13D3B20C3D48600750944 /* Project object */ = {
			isa = PBXProject;
			attributes = {
				LastUpgradeCheck = 0920;
				ORGANIZATIONNAME = "luhe liu";
				TargetAttributes = {
					32B13D4220C3D48600750944 = {
						CreatedOnToolsVersion = 9.2;
						ProvisioningStyle = Automatic;
					};
				};
			};
			buildConfigurationList = 32B13D3E20C3D48600750944 /* Build configuration list for PBXProject "18-Tunnel" */;
			compatibilityVersion = "Xcode 8.0";
			developmentRegion = en;
			hasScannedForEncodings = 0;
			knownRegions = (
				en,
				Base,
			);
			mainGroup = 32B13D3A20C3D48600750944;
			productRefGroup = 32B13D4420C3D48600750944 /* Products */;
			projectDirPath = "";
			projectRoot = "";
			targets = (
				32B13D4220C3D48600750944 /* 18-Tunnel */,
			);
		};
/* End PBXProject section */

/* Begin PBXResourcesBuildPhase section */
		32B13D4120C3D48600750944 /* Resources */ = {
			isa = PBXResourcesBuildPhase;
			buildActionMask = 2147483647;
			files = (
				32B13D4A20C3D48600750944 /* Assets.xcassets in Resources */,
				32B13D6620C3D51600750944 /* ceiling.tga in Resources */,
				32B13D6720C3D51600750944 /* brick.tga in Resources */,
				32B13D6520C3D51600750944 /* floor.tga in Resources */,
			);
			runOnlyForDeploymentPostprocessing = 0;
		};
/* End PBXResourcesBuildPhase section */

/* Begin PBXSourcesBuildPhase section */
		32B13D3F20C3D48600750944 /* Sources */ = {
			isa = PBXSourcesBuildPhase;
			buildActionMask = 2147483647;
			files = (
				32B13D5D20C3D4ED00750944 /* main.cpp in Sources */,
			);
			runOnlyForDeploymentPostprocessing = 0;
		};
/* End PBXSourcesBuildPhase section */

/* Begin XCBuildConfiguration section */
		32B13D5220C3D48600750944 /* Debug */ = {
			isa = XCBuildConfiguration;
			buildSettings = {
				ALWAYS_SEARCH_USER_PATHS = NO;
				CLANG_ANALYZER_NONNULL = YES;
				CLANG_ANALYZER_NUMBER_OBJECT_CONVERSION = YES_AGGRESSIVE;
				CLANG_CXX_LANGUAGE_STANDARD = "gnu++14";
				CLANG_CXX_LIBRARY = "libc++";
				CLANG_ENABLE_MODULES = YES;
				CLANG_ENABLE_OBJC_ARC = YES;
				CLANG_WARN_BLOCK_CAPTURE_AUTORELEASING = YES;
				CLANG_WARN_BOOL_CONVERSION = YES;
				CLANG_WARN_COMMA = YES;
				CLANG_WARN_CONSTANT_CONVERSION = YES;
				CLANG_WARN_DIRECT_OBJC_ISA_USAGE = YES_ERROR;
				CLANG_WARN_DOCUMENTATION_COMMENTS = YES;
				CLANG_WARN_EMPTY_BODY = YES;
				CLANG_WARN_ENUM_CONVERSION = YES;
				CLANG_WARN_INFINITE_RECURSION = YES;
				CLANG_WARN_INT_CONVERSION = YES;
				CLANG_WARN_NON_LITERAL_NULL_CONVERSION = YES;
				CLANG_WARN_OBJC_LITERAL_CONVERSION = YES;
				CLANG_WARN_OBJC_ROOT_CLASS = YES_ERROR;
				CLANG_WARN_RANGE_LOOP_ANALYSIS = YES;
				CLANG_WARN_STRICT_PROTOTYPES = YES;
				CLANG_WARN_SUSPICIOUS_MOVE = YES;
				CLANG_WARN_UNGUARDED_AVAILABILITY = YES_AGGRESSIVE;
				CLANG_WARN_UNREACHABLE_CODE = YES;
				CLANG_WARN__DUPLICATE_METHOD_MATCH = YES;
				CODE_SIGN_IDENTITY = "Mac Developer";
				COPY_PHASE_STRIP = NO;
				DEBUG_INFORMATION_FORMAT = dwarf;
				ENABLE_STRICT_OBJC_MSGSEND = YES;
				ENABLE_TESTABILITY = YES;
				GCC_C_LANGUAGE_STANDARD = gnu11;
				GCC_DYNAMIC_NO_PIC = NO;
				GCC_NO_COMMON_BLOCKS = YES;
				GCC_OPTIMIZATION_LEVEL = 0;
				GCC_PREPROCESSOR_DEFINITIONS = (
					"DEBUG=1",
					"$(inherited)",
				);
				GCC_WARN_64_TO_32_BIT_CONVERSION = YES;
				GCC_WARN_ABOUT_RETURN_TYPE = YES_ERROR;
				GCC_WARN_UNDECLARED_SELECTOR = YES;
				GCC_WARN_UNINITIALIZED_AUTOS = YES_AGGRESSIVE;
				GCC_WARN_UNUSED_FUNCTION = YES;
				GCC_WARN_UNUSED_VARIABLE = YES;
				MACOSX_DEPLOYMENT_TARGET = 10.13;
				MTL_ENABLE_DEBUG_INFO = YES;
				ONLY_ACTIVE_ARCH = YES;
				SDKROOT = macosx;
			};
			name = Debug;
		};
		32B13D5320C3D48600750944 /* Release */ = {
			isa = XCBuildConfiguration;
			buildSettings = {
				ALWAYS_SEARCH_USER_PATHS = NO;
				CLANG_ANALYZER_NONNULL = YES;
				CLANG_ANALYZER_NUMBER_OBJECT_CONVERSION = YES_AGGRESSIVE;
				CLANG_CXX_LANGUAGE_STANDARD = "gnu++14";
				CLANG_CXX_LIBRARY = "libc++";
				CLANG_ENABLE_MODULES = YES;
				CLANG_ENABLE_OBJC_ARC = YES;
				CLANG_WARN_BLOCK_CAPTURE_AUTORELEASING = YES;
				CLANG_WARN_BOOL_CONVERSION = YES;
				CLANG_WARN_COMMA = YES;
				CLANG_WARN_CONSTANT_CONVERSION = YES;
				CLANG_WARN_DIRECT_OBJC_ISA_USAGE = YES_ERROR;
				CLANG_WARN_DOCUMENTATION_COMMENTS = YES;
				CLANG_WARN_EMPTY_BODY = YES;
				CLANG_WARN_ENUM_CONVERSION = YES;
				CLANG_WARN_INFINITE_RECURSION = YES;
				CLANG_WARN_INT_CONVERSION = YES;
				CLANG_WARN_NON_LITERAL_NULL_CONVERSION = YES;
				CLANG_WARN_OBJC_LITERAL_CONVERSION = YES;
				CLANG_WARN_OBJC_ROOT_CLASS = YES_ERROR;
				CLANG_WARN_RANGE_LOOP_ANALYSIS = YES;
				CLANG_WARN_STRICT_PROTOTYPES = YES;
				CLANG_WARN_SUSPICIOUS_MOVE = YES;
				CLANG_WARN_UNGUARDED_AVAILABILITY = YES_AGGRESSIVE;
				CLANG_WARN_UNREACHABLE_CODE = YES;
				CLANG_WARN__DUPLICATE_METHOD_MATCH = YES;
				CODE_SIGN_IDENTITY = "Mac Developer";
				COPY_PHASE_STRIP = NO;
				DEBUG_INFORMATION_FORMAT = "dwarf-with-dsym";
				ENABLE_NS_ASSERTIONS = NO;
				ENABLE_STRICT_OBJC_MSGSEND = YES;
				GCC_C_LANGUAGE_STANDARD = gnu11;
				GCC_NO_COMMON_BLOCKS = YES;
				GCC_WARN_64_TO_32_BIT_CONVERSION = YES;
				GCC_WARN_ABOUT_RETURN_TYPE = YES_ERROR;
				GCC_WARN_UNDECLARED_SELECTOR = YES;
				GCC_WARN_UNINITIALIZED_AUTOS = YES_AGGRESSIVE;
				GCC_WARN_UNUSED_FUNCTION = YES;
				GCC_WARN_UNUSED_VARIABLE = YES;
				MACOSX_DEPLOYMENT_TARGET = 10.13;
				MTL_ENABLE_DEBUG_INFO = NO;
				SDKROOT = macosx;
			};
			name = Release;
		};
		32B13D5520C3D48600750944 /* Debug */ = {
			isa = XCBuildConfiguration;
			buildSettings = {
				ASSETCATALOG_COMPILER_APPICON_NAME = AppIcon;
				CODE_SIGN_ENTITLEMENTS = "18-Tunnel/_8_Tunnel.entitlements";
				CODE_SIGN_STYLE = Automatic;
				COMBINE_HIDPI_IMAGES = YES;
				DEVELOPMENT_TEAM = RGQWE6DV47;
				HEADER_SEARCH_PATHS = (
					"$(glew_header)",
					"$(gltools_header)",
				);
				INFOPLIST_FILE = "18-Tunnel/Info.plist";
				LD_RUNPATH_SEARCH_PATHS = "$(inherited) @executable_path/../Frameworks";
				LIBRARY_SEARCH_PATHS = (
					"$(inherited)",
					"$(PROJECT_DIR)",
				);
				MACOSX_DEPLOYMENT_TARGET = 10.8;
				PRODUCT_BUNDLE_IDENTIFIER = "com.liutingluhe.learn.-8-Tunnel";
				PRODUCT_NAME = "$(TARGET_NAME)";
			};
			name = Debug;
		};
		32B13D5620C3D48600750944 /* Release */ = {
			isa = XCBuildConfiguration;
			buildSettings = {
				ASSETCATALOG_COMPILER_APPICON_NAME = AppIcon;
				CODE_SIGN_ENTITLEMENTS = "18-Tunnel/_8_Tunnel.entitlements";
				CODE_SIGN_STYLE = Automatic;
				COMBINE_HIDPI_IMAGES = YES;
				DEVELOPMENT_TEAM = RGQWE6DV47;
				HEADER_SEARCH_PATHS = (
					"$(glew_header)",
					"$(gltools_header)",
				);
				INFOPLIST_FILE = "18-Tunnel/Info.plist";
				LD_RUNPATH_SEARCH_PATHS = "$(inherited) @executable_path/../Frameworks";
				LIBRARY_SEARCH_PATHS = (
					"$(inherited)",
					"$(PROJECT_DIR)",
				);
				MACOSX_DEPLOYMENT_TARGET = 10.8;
				PRODUCT_BUNDLE_IDENTIFIER = "com.liutingluhe.learn.-8-Tunnel";
				PRODUCT_NAME = "$(TARGET_NAME)";
			};
			name = Release;
		};
/* End XCBuildConfiguration section */

/* Begin XCConfigurationList section */
		32B13D3E20C3D48600750944 /* Build configuration list for PBXProject "18-Tunnel" */ = {
			isa = XCConfigurationList;
			buildConfigurations = (
				32B13D5220C3D48600750944 /* Debug */,
				32B13D5320C3D48600750944 /* Release */,
			);
			defaultConfigurationIsVisible = 0;
			defaultConfigurationName = Release;
		};
		32B13D5420C3D48600750944 /* Build configuration list for PBXNativeTarget "18-Tunnel" */ = {
			isa = XCConfigurationList;
			buildConfigurations = (
				32B13D5520C3D48600750944 /* Debug */,
				32B13D5620C3D48600750944 /* Release */,
			);
			defaultConfigurationIsVisible = 0;
			defaultConfigurationName = Release;
		};
/* End XCConfigurationList section */
	};
	rootObject = 32B13D3B20C3D48600750944 /* Project object */;
}
